
Microsoft Visual Studio Solution File, Format Version 12.00
Project("{FAE04EC0-301F-11D3-BF4B-00C04F79EFBC}") = "TaskApprovalSystem", "TaskApprovalSystem\TaskApprovalSystem.csproj", "{31EFE468-B716-4D3E-8FDD-EB0D1327C978}"
EndProject
Global
	GlobalSection(SolutionConfigurationPlatforms) = preSolution
		Debug|Any CPU = Debug|Any CPU
		Release|Any CPU = Release|Any CPU
	EndGlobalSection
	GlobalSection(ProjectConfigurationPlatforms) = postSolution
		{31EFE468-B716-4D3E-8FDD-EB0D1327C978}.Debug|Any CPU.ActiveCfg = Debug|Any CPU
		{31EFE468-B716-4D3E-8FDD-EB0D1327C978}.Debug|Any CPU.Build.0 = Debug|Any CPU
		{31EFE468-B716-4D3E-8FDD-EB0D1327C978}.Release|Any CPU.ActiveCfg = Release|Any CPU
		{31EFE468-B716-4D3E-8FDD-EB0D1327C978}.Release|Any CPU.Build.0 = Release|Any CPU
	EndGlobalSection
EndGlobal
